// !$*UTF8*$!
{
	archiveVersion = 1;
	classes = {
	};
	objectVersion = 46;
	objects = {

/* Begin PBXBuildFile section */
		4F40D1DC5324F57A1E9A58CF /* libPods.a in Frameworks */ = {isa = PBXBuildFile; fileRef = 86349016D14A41CFE79565C0 /* libPods.a */; };
		523B348A1CF4277C0072DB8D /* DestinyViewController.m in Sources */ = {isa = PBXBuildFile; fileRef = 523B34891CF4277C0072DB8D /* DestinyViewController.m */; };
		529DB4791CFDB2A9001004C8 /* Receiver.m in Sources */ = {isa = PBXBuildFile; fileRef = 529DB4781CFDB2A9001004C8 /* Receiver.m */; };
		529DB47C1CFDB989001004C8 /* ConfirmationViewController.m in Sources */ = {isa = PBXBuildFile; fileRef = 529DB47B1CFDB989001004C8 /* ConfirmationViewController.m */; };
		52A721431CF05A1300D503A5 /* GoogleService-Info.plist in Resources */ = {isa = PBXBuildFile; fileRef = 52A721421CF05A1300D503A5 /* GoogleService-Info.plist */; };
		52A721481CF125EF00D503A5 /* AuthViewController.m in Sources */ = {isa = PBXBuildFile; fileRef = 52A721471CF125EF00D503A5 /* AuthViewController.m */; };
		52A7214B1CF129A900D503A5 /* MeasurementHelper.m in Sources */ = {isa = PBXBuildFile; fileRef = 52A7214A1CF129A900D503A5 /* MeasurementHelper.m */; };
		52A7214E1CF12A9900D503A5 /* AppState.m in Sources */ = {isa = PBXBuildFile; fileRef = 52A7214D1CF12A9900D503A5 /* AppState.m */; };
		52A721511CF12AF600D503A5 /* AppConstant.m in Sources */ = {isa = PBXBuildFile; fileRef = 52A721501CF12AF600D503A5 /* AppConstant.m */; };
		52A721571CF2D0D900D503A5 /* ExchangeViewController.m in Sources */ = {isa = PBXBuildFile; fileRef = 52A721561CF2D0D900D503A5 /* ExchangeViewController.m */; };
		52A7215A1CF32FDC00D503A5 /* Exchange.m in Sources */ = {isa = PBXBuildFile; fileRef = 52A721591CF32FDC00D503A5 /* Exchange.m */; };
		52C558EB1CE4924900FCAA1A /* main.m in Sources */ = {isa = PBXBuildFile; fileRef = 52C558EA1CE4924900FCAA1A /* main.m */; };
		52C558EE1CE4924900FCAA1A /* AppDelegate.m in Sources */ = {isa = PBXBuildFile; fileRef = 52C558ED1CE4924900FCAA1A /* AppDelegate.m */; };
		52C558F11CE4924900FCAA1A /* ViewController.m in Sources */ = {isa = PBXBuildFile; fileRef = 52C558F01CE4924900FCAA1A /* ViewController.m */; };
		52C558F41CE4924900FCAA1A /* Main.storyboard in Resources */ = {isa = PBXBuildFile; fileRef = 52C558F21CE4924900FCAA1A /* Main.storyboard */; };
		52C558F71CE4924900FCAA1A /* RemitanceOiX.xcdatamodeld in Sources */ = {isa = PBXBuildFile; fileRef = 52C558F51CE4924900FCAA1A /* RemitanceOiX.xcdatamodeld */; };
		52C558F91CE4924900FCAA1A /* Assets.xcassets in Resources */ = {isa = PBXBuildFile; fileRef = 52C558F81CE4924900FCAA1A /* Assets.xcassets */; };
		52C558FC1CE4924900FCAA1A /* LaunchScreen.storyboard in Resources */ = {isa = PBXBuildFile; fileRef = 52C558FA1CE4924900FCAA1A /* LaunchScreen.storyboard */; };
		52C559071CE4924900FCAA1A /* RemitanceOiXTests.m in Sources */ = {isa = PBXBuildFile; fileRef = 52C559061CE4924900FCAA1A /* RemitanceOiXTests.m */; };
		52C559121CE4924900FCAA1A /* RemitanceOiXUITests.m in Sources */ = {isa = PBXBuildFile; fileRef = 52C559111CE4924900FCAA1A /* RemitanceOiXUITests.m */; };
		52C559201CE496A200FCAA1A /* RemitanceOiX.png in Resources */ = {isa = PBXBuildFile; fileRef = 52C5591F1CE496A200FCAA1A /* RemitanceOiX.png */; };
		52C559231CE4A33000FCAA1A /* RemitanceOiX-450x450.png in Resources */ = {isa = PBXBuildFile; fileRef = 52C559221CE4A33000FCAA1A /* RemitanceOiX-450x450.png */; };
		52C559271CE5D7F800FCAA1A /* FormController.m in Sources */ = {isa = PBXBuildFile; fileRef = 52C559251CE5D7F800FCAA1A /* FormController.m */; };
		52C559281CE5D7F800FCAA1A /* FormController.xib in Resources */ = {isa = PBXBuildFile; fileRef = 52C559261CE5D7F800FCAA1A /* FormController.xib */; };
		52C5592A1CE711C800FCAA1A /* RemitanceOiX-thankyou-300x300.png in Resources */ = {isa = PBXBuildFile; fileRef = 52C559291CE711C800FCAA1A /* RemitanceOiX-thankyou-300x300.png */; };
		52D0FD0F1CF8501700DECDAA /* Client.m in Sources */ = {isa = PBXBuildFile; fileRef = 52D0FD0E1CF8501700DECDAA /* Client.m */; };
		FACB773BA07B68B3CD3E748F /* libPods-RemitanceOiX.a in Frameworks */ = {isa = PBXBuildFile; fileRef = 5CE776DE08222E883838A931 /* libPods-RemitanceOiX.a */; };
/* End PBXBuildFile section */

/* Begin PBXContainerItemProxy section */
		52C559031CE4924900FCAA1A /* PBXContainerItemProxy */ = {
			isa = PBXContainerItemProxy;
			containerPortal = 52C558DE1CE4924900FCAA1A /* Project object */;
			proxyType = 1;
			remoteGlobalIDString = 52C558E51CE4924900FCAA1A;
			remoteInfo = RemitanceOiX;
		};
		52C5590E1CE4924900FCAA1A /* PBXContainerItemProxy */ = {
			isa = PBXContainerItemProxy;
			containerPortal = 52C558DE1CE4924900FCAA1A /* Project object */;
			proxyType = 1;
			remoteGlobalIDString = 52C558E51CE4924900FCAA1A;
			remoteInfo = RemitanceOiX;
		};
/* End PBXContainerItemProxy section */

/* Begin PBXFileReference section */
		523B34881CF4277C0072DB8D /* DestinyViewController.h */ = {isa = PBXFileReference; fileEncoding = 4; lastKnownFileType = sourcecode.c.h; path = DestinyViewController.h; sourceTree = "<group>"; };
		523B34891CF4277C0072DB8D /* DestinyViewController.m */ = {isa = PBXFileReference; fileEncoding = 4; lastKnownFileType = sourcecode.c.objc; path = DestinyViewController.m; sourceTree = "<group>"; };
		529DB4771CFDB2A9001004C8 /* Receiver.h */ = {isa = PBXFileReference; fileEncoding = 4; lastKnownFileType = sourcecode.c.h; path = Receiver.h; sourceTree = "<group>"; };
		529DB4781CFDB2A9001004C8 /* Receiver.m */ = {isa = PBXFileReference; fileEncoding = 4; lastKnownFileType = sourcecode.c.objc; path = Receiver.m; sourceTree = "<group>"; };
		529DB47A1CFDB989001004C8 /* ConfirmationViewController.h */ = {isa = PBXFileReference; fileEncoding = 4; lastKnownFileType = sourcecode.c.h; path = ConfirmationViewController.h; sourceTree = "<group>"; };
		529DB47B1CFDB989001004C8 /* ConfirmationViewController.m */ = {isa = PBXFileReference; fileEncoding = 4; lastKnownFileType = sourcecode.c.objc; path = ConfirmationViewController.m; sourceTree = "<group>"; };
		52A721421CF05A1300D503A5 /* GoogleService-Info.plist */ = {isa = PBXFileReference; fileEncoding = 4; lastKnownFileType = text.plist.xml; path = "GoogleService-Info.plist"; sourceTree = "<group>"; };
		52A721461CF125EF00D503A5 /* AuthViewController.h */ = {isa = PBXFileReference; fileEncoding = 4; lastKnownFileType = sourcecode.c.h; path = AuthViewController.h; sourceTree = "<group>"; };
		52A721471CF125EF00D503A5 /* AuthViewController.m */ = {isa = PBXFileReference; fileEncoding = 4; lastKnownFileType = sourcecode.c.objc; path = AuthViewController.m; sourceTree = "<group>"; };
		52A721491CF129A900D503A5 /* MeasurementHelper.h */ = {isa = PBXFileReference; fileEncoding = 4; lastKnownFileType = sourcecode.c.h; path = MeasurementHelper.h; sourceTree = "<group>"; };
		52A7214A1CF129A900D503A5 /* MeasurementHelper.m */ = {isa = PBXFileReference; fileEncoding = 4; lastKnownFileType = sourcecode.c.objc; path = MeasurementHelper.m; sourceTree = "<group>"; };
		52A7214C1CF12A9900D503A5 /* AppState.h */ = {isa = PBXFileReference; fileEncoding = 4; lastKnownFileType = sourcecode.c.h; path = AppState.h; sourceTree = "<group>"; };
		52A7214D1CF12A9900D503A5 /* AppState.m */ = {isa = PBXFileReference; fileEncoding = 4; lastKnownFileType = sourcecode.c.objc; path = AppState.m; sourceTree = "<group>"; };
		52A7214F1CF12AF600D503A5 /* AppConstant.h */ = {isa = PBXFileReference; fileEncoding = 4; lastKnownFileType = sourcecode.c.h; path = AppConstant.h; sourceTree = "<group>"; };
		52A721501CF12AF600D503A5 /* AppConstant.m */ = {isa = PBXFileReference; fileEncoding = 4; lastKnownFileType = sourcecode.c.objc; path = AppConstant.m; sourceTree = "<group>"; };
		52A721551CF2D0D900D503A5 /* ExchangeViewController.h */ = {isa = PBXFileReference; fileEncoding = 4; lastKnownFileType = sourcecode.c.h; path = ExchangeViewController.h; sourceTree = "<group>"; };
		52A721561CF2D0D900D503A5 /* ExchangeViewController.m */ = {isa = PBXFileReference; fileEncoding = 4; lastKnownFileType = sourcecode.c.objc; path = ExchangeViewController.m; sourceTree = "<group>"; };
		52A721581CF32FDC00D503A5 /* Exchange.h */ = {isa = PBXFileReference; fileEncoding = 4; lastKnownFileType = sourcecode.c.h; path = Exchange.h; sourceTree = "<group>"; };
		52A721591CF32FDC00D503A5 /* Exchange.m */ = {isa = PBXFileReference; fileEncoding = 4; lastKnownFileType = sourcecode.c.objc; path = Exchange.m; sourceTree = "<group>"; };
		52C558E61CE4924900FCAA1A /* RemitanceOiX.app */ = {isa = PBXFileReference; explicitFileType = wrapper.application; includeInIndex = 0; path = RemitanceOiX.app; sourceTree = BUILT_PRODUCTS_DIR; };
		52C558EA1CE4924900FCAA1A /* main.m */ = {isa = PBXFileReference; lastKnownFileType = sourcecode.c.objc; path = main.m; sourceTree = "<group>"; };
		52C558EC1CE4924900FCAA1A /* AppDelegate.h */ = {isa = PBXFileReference; lastKnownFileType = sourcecode.c.h; path = AppDelegate.h; sourceTree = "<group>"; };
		52C558ED1CE4924900FCAA1A /* AppDelegate.m */ = {isa = PBXFileReference; lastKnownFileType = sourcecode.c.objc; path = AppDelegate.m; sourceTree = "<group>"; };
		52C558EF1CE4924900FCAA1A /* ViewController.h */ = {isa = PBXFileReference; lastKnownFileType = sourcecode.c.h; path = ViewController.h; sourceTree = "<group>"; };
		52C558F01CE4924900FCAA1A /* ViewController.m */ = {isa = PBXFileReference; lastKnownFileType = sourcecode.c.objc; path = ViewController.m; sourceTree = "<group>"; };
		52C558F31CE4924900FCAA1A /* Base */ = {isa = PBXFileReference; lastKnownFileType = file.storyboard; name = Base; path = Base.lproj/Main.storyboard; sourceTree = "<group>"; };
		52C558F61CE4924900FCAA1A /* RemitanceOiX.xcdatamodel */ = {isa = PBXFileReference; lastKnownFileType = wrapper.xcdatamodel; path = RemitanceOiX.xcdatamodel; sourceTree = "<group>"; };
		52C558F81CE4924900FCAA1A /* Assets.xcassets */ = {isa = PBXFileReference; lastKnownFileType = folder.assetcatalog; path = Assets.xcassets; sourceTree = "<group>"; };
		52C558FB1CE4924900FCAA1A /* Base */ = {isa = PBXFileReference; lastKnownFileType = file.storyboard; name = Base; path = Base.lproj/LaunchScreen.storyboard; sourceTree = "<group>"; };
		52C558FD1CE4924900FCAA1A /* Info.plist */ = {isa = PBXFileReference; lastKnownFileType = text.plist.xml; path = Info.plist; sourceTree = "<group>"; };
		52C559021CE4924900FCAA1A /* RemitanceOiXTests.xctest */ = {isa = PBXFileReference; explicitFileType = wrapper.cfbundle; includeInIndex = 0; path = RemitanceOiXTests.xctest; sourceTree = BUILT_PRODUCTS_DIR; };
		52C559061CE4924900FCAA1A /* RemitanceOiXTests.m */ = {isa = PBXFileReference; lastKnownFileType = sourcecode.c.objc; path = RemitanceOiXTests.m; sourceTree = "<group>"; };
		52C559081CE4924900FCAA1A /* Info.plist */ = {isa = PBXFileReference; lastKnownFileType = text.plist.xml; path = Info.plist; sourceTree = "<group>"; };
		52C5590D1CE4924900FCAA1A /* RemitanceOiXUITests.xctest */ = {isa = PBXFileReference; explicitFileType = wrapper.cfbundle; includeInIndex = 0; path = RemitanceOiXUITests.xctest; sourceTree = BUILT_PRODUCTS_DIR; };
		52C559111CE4924900FCAA1A /* RemitanceOiXUITests.m */ = {isa = PBXFileReference; lastKnownFileType = sourcecode.c.objc; path = RemitanceOiXUITests.m; sourceTree = "<group>"; };
		52C559131CE4924900FCAA1A /* Info.plist */ = {isa = PBXFileReference; lastKnownFileType = text.plist.xml; path = Info.plist; sourceTree = "<group>"; };
		52C5591F1CE496A200FCAA1A /* RemitanceOiX.png */ = {isa = PBXFileReference; lastKnownFileType = image.png; name = RemitanceOiX.png; path = ../../../ait/iOS/Assessment2/Images/RemitanceOiX.png; sourceTree = "<group>"; };
		52C559221CE4A33000FCAA1A /* RemitanceOiX-450x450.png */ = {isa = PBXFileReference; lastKnownFileType = image.png; name = "RemitanceOiX-450x450.png"; path = "../../../ait/iOS/Assessment2/Images/RemitanceOiX-450x450.png"; sourceTree = "<group>"; };
		52C559241CE5D7F800FCAA1A /* FormController.h */ = {isa = PBXFileReference; fileEncoding = 4; lastKnownFileType = sourcecode.c.h; name = FormController.h; path = ../FormController.h; sourceTree = "<group>"; };
		52C559251CE5D7F800FCAA1A /* FormController.m */ = {isa = PBXFileReference; fileEncoding = 4; lastKnownFileType = sourcecode.c.objc; name = FormController.m; path = ../FormController.m; sourceTree = "<group>"; };
		52C559261CE5D7F800FCAA1A /* FormController.xib */ = {isa = PBXFileReference; fileEncoding = 4; lastKnownFileType = file.xib; name = FormController.xib; path = ../FormController.xib; sourceTree = "<group>"; };
		52C559291CE711C800FCAA1A /* RemitanceOiX-thankyou-300x300.png */ = {isa = PBXFileReference; lastKnownFileType = image.png; name = "RemitanceOiX-thankyou-300x300.png"; path = "../../../ait/iOS/Assessment2/Images/RemitanceOiX-thankyou-300x300.png"; sourceTree = "<group>"; };
		52D0FD0D1CF8501700DECDAA /* Client.h */ = {isa = PBXFileReference; fileEncoding = 4; lastKnownFileType = sourcecode.c.h; path = Client.h; sourceTree = "<group>"; };
		52D0FD0E1CF8501700DECDAA /* Client.m */ = {isa = PBXFileReference; fileEncoding = 4; lastKnownFileType = sourcecode.c.objc; path = Client.m; sourceTree = "<group>"; };
		5CE776DE08222E883838A931 /* libPods-RemitanceOiX.a */ = {isa = PBXFileReference; explicitFileType = archive.ar; includeInIndex = 0; path = "libPods-RemitanceOiX.a"; sourceTree = BUILT_PRODUCTS_DIR; };
		86349016D14A41CFE79565C0 /* libPods.a */ = {isa = PBXFileReference; explicitFileType = archive.ar; includeInIndex = 0; path = libPods.a; sourceTree = BUILT_PRODUCTS_DIR; };
		98275D31E350E3556E1C25F8 /* Pods-RemitanceOiX.debug.xcconfig */ = {isa = PBXFileReference; includeInIndex = 1; lastKnownFileType = text.xcconfig; name = "Pods-RemitanceOiX.debug.xcconfig"; path = "Pods/Target Support Files/Pods-RemitanceOiX/Pods-RemitanceOiX.debug.xcconfig"; sourceTree = "<group>"; };
		AB98CBA9EC547CEF05262BE1 /* Pods-RemitanceOiX.release.xcconfig */ = {isa = PBXFileReference; includeInIndex = 1; lastKnownFileType = text.xcconfig; name = "Pods-RemitanceOiX.release.xcconfig"; path = "Pods/Target Support Files/Pods-RemitanceOiX/Pods-RemitanceOiX.release.xcconfig"; sourceTree = "<group>"; };
/* End PBXFileReference section */

/* Begin PBXFrameworksBuildPhase section */
		52C558E31CE4924900FCAA1A /* Frameworks */ = {
			isa = PBXFrameworksBuildPhase;
			buildActionMask = 2147483647;
			files = (
				FACB773BA07B68B3CD3E748F /* libPods-RemitanceOiX.a in Frameworks */,
				4F40D1DC5324F57A1E9A58CF /* libPods.a in Frameworks */,
			);
			runOnlyForDeploymentPostprocessing = 0;
		};
		52C558FF1CE4924900FCAA1A /* Frameworks */ = {
			isa = PBXFrameworksBuildPhase;
			buildActionMask = 2147483647;
			files = (
			);
			runOnlyForDeploymentPostprocessing = 0;
		};
		52C5590A1CE4924900FCAA1A /* Frameworks */ = {
			isa = PBXFrameworksBuildPhase;
			buildActionMask = 2147483647;
			files = (
			);
			runOnlyForDeploymentPostprocessing = 0;
		};
/* End PBXFrameworksBuildPhase section */

/* Begin PBXGroup section */
		3D6285AE0A7501B14F7563F3 /* Frameworks */ = {
			isa = PBXGroup;
			children = (
				5CE776DE08222E883838A931 /* libPods-RemitanceOiX.a */,
				86349016D14A41CFE79565C0 /* libPods.a */,
			);
			name = Frameworks;
			sourceTree = "<group>";
		};
		3ED002668339249640A576BA /* Pods */ = {
			isa = PBXGroup;
			children = (
				98275D31E350E3556E1C25F8 /* Pods-RemitanceOiX.debug.xcconfig */,
				AB98CBA9EC547CEF05262BE1 /* Pods-RemitanceOiX.release.xcconfig */,
			);
			name = Pods;
			sourceTree = "<group>";
		};
		52A7215B1CF3304B00D503A5 /* ViewController */ = {
			isa = PBXGroup;
			children = (
				52A721461CF125EF00D503A5 /* AuthViewController.h */,
				52A721471CF125EF00D503A5 /* AuthViewController.m */,
				52A721551CF2D0D900D503A5 /* ExchangeViewController.h */,
				52A721561CF2D0D900D503A5 /* ExchangeViewController.m */,
				52C558EF1CE4924900FCAA1A /* ViewController.h */,
				52C558F01CE4924900FCAA1A /* ViewController.m */,
				523B34881CF4277C0072DB8D /* DestinyViewController.h */,
				523B34891CF4277C0072DB8D /* DestinyViewController.m */,
				529DB47A1CFDB989001004C8 /* ConfirmationViewController.h */,
				529DB47B1CFDB989001004C8 /* ConfirmationViewController.m */,
			);
			name = ViewController;
			sourceTree = "<group>";
		};
		52A7215C1CF3307900D503A5 /* Classes */ = {
			isa = PBXGroup;
			children = (
				52A7214C1CF12A9900D503A5 /* AppState.h */,
				52A7214D1CF12A9900D503A5 /* AppState.m */,
				52A721491CF129A900D503A5 /* MeasurementHelper.h */,
				52A7214A1CF129A900D503A5 /* MeasurementHelper.m */,
				52A7214F1CF12AF600D503A5 /* AppConstant.h */,
				52A721501CF12AF600D503A5 /* AppConstant.m */,
				52A721581CF32FDC00D503A5 /* Exchange.h */,
				52A721591CF32FDC00D503A5 /* Exchange.m */,
				52D0FD0D1CF8501700DECDAA /* Client.h */,
				52D0FD0E1CF8501700DECDAA /* Client.m */,
				529DB4771CFDB2A9001004C8 /* Receiver.h */,
				529DB4781CFDB2A9001004C8 /* Receiver.m */,
			);
			name = Classes;
			sourceTree = "<group>";
		};
		52C558DD1CE4924900FCAA1A = {
			isa = PBXGroup;
			children = (
				52C558E81CE4924900FCAA1A /* RemitanceOiX */,
				52C559051CE4924900FCAA1A /* RemitanceOiXTests */,
				52C559101CE4924900FCAA1A /* RemitanceOiXUITests */,
				52C558E71CE4924900FCAA1A /* Products */,
				3ED002668339249640A576BA /* Pods */,
				3D6285AE0A7501B14F7563F3 /* Frameworks */,
			);
			sourceTree = "<group>";
		};
		52C558E71CE4924900FCAA1A /* Products */ = {
			isa = PBXGroup;
			children = (
				52C558E61CE4924900FCAA1A /* RemitanceOiX.app */,
				52C559021CE4924900FCAA1A /* RemitanceOiXTests.xctest */,
				52C5590D1CE4924900FCAA1A /* RemitanceOiXUITests.xctest */,
			);
			name = Products;
			sourceTree = "<group>";
		};
		52C558E81CE4924900FCAA1A /* RemitanceOiX */ = {
			isa = PBXGroup;
			children = (
				52A7215C1CF3307900D503A5 /* Classes */,
				52A7215B1CF3304B00D503A5 /* ViewController */,
				52A721421CF05A1300D503A5 /* GoogleService-Info.plist */,
				52C559241CE5D7F800FCAA1A /* FormController.h */,
				52C559251CE5D7F800FCAA1A /* FormController.m */,
				52C559261CE5D7F800FCAA1A /* FormController.xib */,
				52C559211CE496B700FCAA1A /* images */,
				52C558EC1CE4924900FCAA1A /* AppDelegate.h */,
				52C558ED1CE4924900FCAA1A /* AppDelegate.m */,
				52C558F21CE4924900FCAA1A /* Main.storyboard */,
				52C558F81CE4924900FCAA1A /* Assets.xcassets */,
				52C558FA1CE4924900FCAA1A /* LaunchScreen.storyboard */,
				52C558FD1CE4924900FCAA1A /* Info.plist */,
				52C558F51CE4924900FCAA1A /* RemitanceOiX.xcdatamodeld */,
				52C558E91CE4924900FCAA1A /* Supporting Files */,
			);
			path = RemitanceOiX;
			sourceTree = "<group>";
		};
		52C558E91CE4924900FCAA1A /* Supporting Files */ = {
			isa = PBXGroup;
			children = (
				52C558EA1CE4924900FCAA1A /* main.m */,
			);
			name = "Supporting Files";
			sourceTree = "<group>";
		};
		52C559051CE4924900FCAA1A /* RemitanceOiXTests */ = {
			isa = PBXGroup;
			children = (
				52C559061CE4924900FCAA1A /* RemitanceOiXTests.m */,
				52C559081CE4924900FCAA1A /* Info.plist */,
			);
			path = RemitanceOiXTests;
			sourceTree = "<group>";
		};
		52C559101CE4924900FCAA1A /* RemitanceOiXUITests */ = {
			isa = PBXGroup;
			children = (
				52C559111CE4924900FCAA1A /* RemitanceOiXUITests.m */,
				52C559131CE4924900FCAA1A /* Info.plist */,
			);
			path = RemitanceOiXUITests;
			sourceTree = "<group>";
		};
		52C559211CE496B700FCAA1A /* images */ = {
			isa = PBXGroup;
			children = (
				52C559291CE711C800FCAA1A /* RemitanceOiX-thankyou-300x300.png */,
				52C559221CE4A33000FCAA1A /* RemitanceOiX-450x450.png */,
				52C5591F1CE496A200FCAA1A /* RemitanceOiX.png */,
			);
			name = images;
			sourceTree = "<group>";
		};
/* End PBXGroup section */

/* Begin PBXNativeTarget section */
		52C558E51CE4924900FCAA1A /* RemitanceOiX */ = {
			isa = PBXNativeTarget;
			buildConfigurationList = 52C559161CE4924900FCAA1A /* Build configuration list for PBXNativeTarget "RemitanceOiX" */;
			buildPhases = (
				095B63B6B02FBB345E329630 /* Check Pods Manifest.lock */,
				52C558E21CE4924900FCAA1A /* Sources */,
				52C558E31CE4924900FCAA1A /* Frameworks */,
				52C558E41CE4924900FCAA1A /* Resources */,
				23D7BBA728FA2B0A61BF9C63 /* Embed Pods Frameworks */,
				DB093616BBF9758A90A4792C /* Copy Pods Resources */,
			);
			buildRules = (
			);
			dependencies = (
			);
			name = RemitanceOiX;
			productName = RemitanceOiX;
			productReference = 52C558E61CE4924900FCAA1A /* RemitanceOiX.app */;
			productType = "com.apple.product-type.application";
		};
		52C559011CE4924900FCAA1A /* RemitanceOiXTests */ = {
			isa = PBXNativeTarget;
			buildConfigurationList = 52C559191CE4924900FCAA1A /* Build configuration list for PBXNativeTarget "RemitanceOiXTests" */;
			buildPhases = (
				52C558FE1CE4924900FCAA1A /* Sources */,
				52C558FF1CE4924900FCAA1A /* Frameworks */,
				52C559001CE4924900FCAA1A /* Resources */,
			);
			buildRules = (
			);
			dependencies = (
				52C559041CE4924900FCAA1A /* PBXTargetDependency */,
			);
			name = RemitanceOiXTests;
			productName = RemitanceOiXTests;
			productReference = 52C559021CE4924900FCAA1A /* RemitanceOiXTests.xctest */;
			productType = "com.apple.product-type.bundle.unit-test";
		};
		52C5590C1CE4924900FCAA1A /* RemitanceOiXUITests */ = {
			isa = PBXNativeTarget;
			buildConfigurationList = 52C5591C1CE4924900FCAA1A /* Build configuration list for PBXNativeTarget "RemitanceOiXUITests" */;
			buildPhases = (
				52C559091CE4924900FCAA1A /* Sources */,
				52C5590A1CE4924900FCAA1A /* Frameworks */,
				52C5590B1CE4924900FCAA1A /* Resources */,
			);
			buildRules = (
			);
			dependencies = (
				52C5590F1CE4924900FCAA1A /* PBXTargetDependency */,
			);
			name = RemitanceOiXUITests;
			productName = RemitanceOiXUITests;
			productReference = 52C5590D1CE4924900FCAA1A /* RemitanceOiXUITests.xctest */;
			productType = "com.apple.product-type.bundle.ui-testing";
		};
/* End PBXNativeTarget section */

/* Begin PBXProject section */
		52C558DE1CE4924900FCAA1A /* Project object */ = {
			isa = PBXProject;
			attributes = {
				LastUpgradeCheck = 0730;
				ORGANIZATIONNAME = "The Interactive Hippo";
				TargetAttributes = {
					52C558E51CE4924900FCAA1A = {
						CreatedOnToolsVersion = 7.3.1;
						DevelopmentTeam = C2JM7XLS3M;
					};
					52C559011CE4924900FCAA1A = {
						CreatedOnToolsVersion = 7.3.1;
						TestTargetID = 52C558E51CE4924900FCAA1A;
					};
					52C5590C1CE4924900FCAA1A = {
						CreatedOnToolsVersion = 7.3.1;
						TestTargetID = 52C558E51CE4924900FCAA1A;
					};
				};
			};
			buildConfigurationList = 52C558E11CE4924900FCAA1A /* Build configuration list for PBXProject "RemitanceOiX" */;
			compatibilityVersion = "Xcode 3.2";
			developmentRegion = English;
			hasScannedForEncodings = 0;
			knownRegions = (
				en,
				Base,
			);
			mainGroup = 52C558DD1CE4924900FCAA1A;
			productRefGroup = 52C558E71CE4924900FCAA1A /* Products */;
			projectDirPath = "";
			projectRoot = "";
			targets = (
				52C558E51CE4924900FCAA1A /* RemitanceOiX */,
				52C559011CE4924900FCAA1A /* RemitanceOiXTests */,
				52C5590C1CE4924900FCAA1A /* RemitanceOiXUITests */,
			);
		};
/* End PBXProject section */

/* Begin PBXResourcesBuildPhase section */
		52C558E41CE4924900FCAA1A /* Resources */ = {
			isa = PBXResourcesBuildPhase;
			buildActionMask = 2147483647;
			files = (
				52C558FC1CE4924900FCAA1A /* LaunchScreen.storyboard in Resources */,
				52A721431CF05A1300D503A5 /* GoogleService-Info.plist in Resources */,
				52C558F91CE4924900FCAA1A /* Assets.xcassets in Resources */,
				52C558F41CE4924900FCAA1A /* Main.storyboard in Resources */,
				52C5592A1CE711C800FCAA1A /* RemitanceOiX-thankyou-300x300.png in Resources */,
				52C559231CE4A33000FCAA1A /* RemitanceOiX-450x450.png in Resources */,
				52C559201CE496A200FCAA1A /* RemitanceOiX.png in Resources */,
				52C559281CE5D7F800FCAA1A /* FormController.xib in Resources */,
			);
			runOnlyForDeploymentPostprocessing = 0;
		};
		52C559001CE4924900FCAA1A /* Resources */ = {
			isa = PBXResourcesBuildPhase;
			buildActionMask = 2147483647;
			files = (
			);
			runOnlyForDeploymentPostprocessing = 0;
		};
		52C5590B1CE4924900FCAA1A /* Resources */ = {
			isa = PBXResourcesBuildPhase;
			buildActionMask = 2147483647;
			files = (
			);
			runOnlyForDeploymentPostprocessing = 0;
		};
/* End PBXResourcesBuildPhase section */

/* Begin PBXShellScriptBuildPhase section */
		095B63B6B02FBB345E329630 /* Check Pods Manifest.lock */ = {
			isa = PBXShellScriptBuildPhase;
			buildActionMask = 2147483647;
			files = (
			);
			inputPaths = (
			);
			name = "Check Pods Manifest.lock";
			outputPaths = (
			);
			runOnlyForDeploymentPostprocessing = 0;
			shellPath = /bin/sh;
			shellScript = "diff \"${PODS_ROOT}/../Podfile.lock\" \"${PODS_ROOT}/Manifest.lock\" > /dev/null\nif [[ $? != 0 ]] ; then\n    cat << EOM\nerror: The sandbox is not in sync with the Podfile.lock. Run 'pod install' or update your CocoaPods installation.\nEOM\n    exit 1\nfi\n";
			showEnvVarsInLog = 0;
		};
		23D7BBA728FA2B0A61BF9C63 /* Embed Pods Frameworks */ = {
			isa = PBXShellScriptBuildPhase;
			buildActionMask = 2147483647;
			files = (
			);
			inputPaths = (
			);
			name = "Embed Pods Frameworks";
			outputPaths = (
			);
			runOnlyForDeploymentPostprocessing = 0;
			shellPath = /bin/sh;
			shellScript = "\"${SRCROOT}/Pods/Target Support Files/Pods/Pods-frameworks.sh\"\n";
			showEnvVarsInLog = 0;
		};
		DB093616BBF9758A90A4792C /* Copy Pods Resources */ = {
			isa = PBXShellScriptBuildPhase;
			buildActionMask = 2147483647;
			files = (
			);
			inputPaths = (
			);
			name = "Copy Pods Resources";
			outputPaths = (
			);
			runOnlyForDeploymentPostprocessing = 0;
			shellPath = /bin/sh;
			shellScript = "\"${SRCROOT}/Pods/Target Support Files/Pods/Pods-resources.sh\"\n";
			showEnvVarsInLog = 0;
		};
/* End PBXShellScriptBuildPhase section */

/* Begin PBXSourcesBuildPhase section */
		52C558E21CE4924900FCAA1A /* Sources */ = {
			isa = PBXSourcesBuildPhase;
			buildActionMask = 2147483647;
			files = (
				529DB4791CFDB2A9001004C8 /* Receiver.m in Sources */,
				52A7215A1CF32FDC00D503A5 /* Exchange.m in Sources */,
				52C558F11CE4924900FCAA1A /* ViewController.m in Sources */,
				52C558F71CE4924900FCAA1A /* RemitanceOiX.xcdatamodeld in Sources */,
				529DB47C1CFDB989001004C8 /* ConfirmationViewController.m in Sources */,
				52D0FD0F1CF8501700DECDAA /* Client.m in Sources */,
				52A7214B1CF129A900D503A5 /* MeasurementHelper.m in Sources */,
				52C558EE1CE4924900FCAA1A /* AppDelegate.m in Sources */,
				523B348A1CF4277C0072DB8D /* DestinyViewController.m in Sources */,
				52C558EB1CE4924900FCAA1A /* main.m in Sources */,
				52A721511CF12AF600D503A5 /* AppConstant.m in Sources */,
				52A721481CF125EF00D503A5 /* AuthViewController.m in Sources */,
				52C559271CE5D7F800FCAA1A /* FormController.m in Sources */,
				52A7214E1CF12A9900D503A5 /* AppState.m in Sources */,
				52A721571CF2D0D900D503A5 /* ExchangeViewController.m in Sources */,
			);
			runOnlyForDeploymentPostprocessing = 0;
		};
		52C558FE1CE4924900FCAA1A /* Sources */ = {
			isa = PBXSourcesBuildPhase;
			buildActionMask = 2147483647;
			files = (
				52C559071CE4924900FCAA1A /* RemitanceOiXTests.m in Sources */,
			);
			runOnlyForDeploymentPostprocessing = 0;
		};
		52C559091CE4924900FCAA1A /* Sources */ = {
			isa = PBXSourcesBuildPhase;
			buildActionMask = 2147483647;
			files = (
				52C559121CE4924900FCAA1A /* RemitanceOiXUITests.m in Sources */,
			);
			runOnlyForDeploymentPostprocessing = 0;
		};
/* End PBXSourcesBuildPhase section */

/* Begin PBXTargetDependency section */
		52C559041CE4924900FCAA1A /* PBXTargetDependency */ = {
			isa = PBXTargetDependency;
			target = 52C558E51CE4924900FCAA1A /* RemitanceOiX */;
			targetProxy = 52C559031CE4924900FCAA1A /* PBXContainerItemProxy */;
		};
		52C5590F1CE4924900FCAA1A /* PBXTargetDependency */ = {
			isa = PBXTargetDependency;
			target = 52C558E51CE4924900FCAA1A /* RemitanceOiX */;
			targetProxy = 52C5590E1CE4924900FCAA1A /* PBXContainerItemProxy */;
		};
/* End PBXTargetDependency section */

/* Begin PBXVariantGroup section */
		52C558F21CE4924900FCAA1A /* Main.storyboard */ = {
			isa = PBXVariantGroup;
			children = (
				52C558F31CE4924900FCAA1A /* Base */,
			);
			name = Main.storyboard;
			sourceTree = "<group>";
		};
		52C558FA1CE4924900FCAA1A /* LaunchScreen.storyboard */ = {
			isa = PBXVariantGroup;
			children = (
				52C558FB1CE4924900FCAA1A /* Base */,
			);
			name = LaunchScreen.storyboard;
			sourceTree = "<group>";
		};
/* End PBXVariantGroup section */

/* Begin XCBuildConfiguration section */
		52C559141CE4924900FCAA1A /* Debug */ = {
			isa = XCBuildConfiguration;
			buildSettings = {
				ALWAYS_SEARCH_USER_PATHS = NO;
				CLANG_ANALYZER_NONNULL = YES;
				CLANG_CXX_LANGUAGE_STANDARD = "gnu++0x";
				CLANG_CXX_LIBRARY = "libc++";
				CLANG_ENABLE_MODULES = YES;
				CLANG_ENABLE_OBJC_ARC = YES;
				CLANG_WARN_BOOL_CONVERSION = YES;
				CLANG_WARN_CONSTANT_CONVERSION = YES;
				CLANG_WARN_DIRECT_OBJC_ISA_USAGE = YES_ERROR;
				CLANG_WARN_EMPTY_BODY = YES;
				CLANG_WARN_ENUM_CONVERSION = YES;
				CLANG_WARN_INT_CONVERSION = YES;
				CLANG_WARN_OBJC_ROOT_CLASS = YES_ERROR;
				CLANG_WARN_UNREACHABLE_CODE = YES;
				CLANG_WARN__DUPLICATE_METHOD_MATCH = YES;
				"CODE_SIGN_IDENTITY[sdk=iphoneos*]" = "iPhone Developer";
				COPY_PHASE_STRIP = NO;
				DEBUG_INFORMATION_FORMAT = dwarf;
				ENABLE_STRICT_OBJC_MSGSEND = YES;
				ENABLE_TESTABILITY = YES;
				GCC_C_LANGUAGE_STANDARD = gnu99;
				GCC_DYNAMIC_NO_PIC = NO;
				GCC_NO_COMMON_BLOCKS = YES;
				GCC_OPTIMIZATION_LEVEL = 0;
				GCC_PREPROCESSOR_DEFINITIONS = (
					"DEBUG=1",
					"$(inherited)",
				);
				GCC_WARN_64_TO_32_BIT_CONVERSION = YES;
				GCC_WARN_ABOUT_RETURN_TYPE = YES_ERROR;
				GCC_WARN_UNDECLARED_SELECTOR = YES;
				GCC_WARN_UNINITIALIZED_AUTOS = YES_AGGRESSIVE;
				GCC_WARN_UNUSED_FUNCTION = YES;
				GCC_WARN_UNUSED_VARIABLE = YES;
				IPHONEOS_DEPLOYMENT_TARGET = 9.3;
				MTL_ENABLE_DEBUG_INFO = YES;
				ONLY_ACTIVE_ARCH = YES;
				SDKROOT = iphoneos;
				TARGETED_DEVICE_FAMILY = "1,2";
			};
			name = Debug;
		};
		52C559151CE4924900FCAA1A /* Release */ = {
			isa = XCBuildConfiguration;
			buildSettings = {
				ALWAYS_SEARCH_USER_PATHS = NO;
				CLANG_ANALYZER_NONNULL = YES;
				CLANG_CXX_LANGUAGE_STANDARD = "gnu++0x";
				CLANG_CXX_LIBRARY = "libc++";
				CLANG_ENABLE_MODULES = YES;
				CLANG_ENABLE_OBJC_ARC = YES;
				CLANG_WARN_BOOL_CONVERSION = YES;
				CLANG_WARN_CONSTANT_CONVERSION = YES;
				CLANG_WARN_DIRECT_OBJC_ISA_USAGE = YES_ERROR;
				CLANG_WARN_EMPTY_BODY = YES;
				CLANG_WARN_ENUM_CONVERSION = YES;
				CLANG_WARN_INT_CONVERSION = YES;
				CLANG_WARN_OBJC_ROOT_CLASS = YES_ERROR;
				CLANG_WARN_UNREACHABLE_CODE = YES;
				CLANG_WARN__DUPLICATE_METHOD_MATCH = YES;
				"CODE_SIGN_IDENTITY[sdk=iphoneos*]" = "iPhone Developer";
				COPY_PHASE_STRIP = NO;
				DEBUG_INFORMATION_FORMAT = "dwarf-with-dsym";
				ENABLE_NS_ASSERTIONS = NO;
				ENABLE_STRICT_OBJC_MSGSEND = YES;
				GCC_C_LANGUAGE_STANDARD = gnu99;
				GCC_NO_COMMON_BLOCKS = YES;
				GCC_WARN_64_TO_32_BIT_CONVERSION = YES;
				GCC_WARN_ABOUT_RETURN_TYPE = YES_ERROR;
				GCC_WARN_UNDECLARED_SELECTOR = YES;
				GCC_WARN_UNINITIALIZED_AUTOS = YES_AGGRESSIVE;
				GCC_WARN_UNUSED_FUNCTION = YES;
				GCC_WARN_UNUSED_VARIABLE = YES;
				IPHONEOS_DEPLOYMENT_TARGET = 9.3;
				MTL_ENABLE_DEBUG_INFO = NO;
				SDKROOT = iphoneos;
				TARGETED_DEVICE_FAMILY = "1,2";
				VALIDATE_PRODUCT = YES;
			};
			name = Release;
		};
		52C559171CE4924900FCAA1A /* Debug */ = {
			isa = XCBuildConfiguration;
			baseConfigurationReference = 98275D31E350E3556E1C25F8 /* Pods-RemitanceOiX.debug.xcconfig */;
			buildSettings = {
				ASSETCATALOG_COMPILER_APPICON_NAME = AppIcon;
				CODE_SIGN_IDENTITY = "iPhone Developer";
				INFOPLIST_FILE = RemitanceOiX/Info.plist;
				LD_RUNPATH_SEARCH_PATHS = "$(inherited) @executable_path/Frameworks";
				PRODUCT_BUNDLE_IDENTIFIER = au.com.interactivehippo.RemitanceOiX;
				PRODUCT_NAME = "$(TARGET_NAME)";
			};
			name = Debug;
		};
		52C559181CE4924900FCAA1A /* Release */ = {
			isa = XCBuildConfiguration;
			baseConfigurationReference = AB98CBA9EC547CEF05262BE1 /* Pods-RemitanceOiX.release.xcconfig */;
			buildSettings = {
				ASSETCATALOG_COMPILER_APPICON_NAME = AppIcon;
				CODE_SIGN_IDENTITY = "iPhone Developer";
				INFOPLIST_FILE = RemitanceOiX/Info.plist;
				LD_RUNPATH_SEARCH_PATHS = "$(inherited) @executable_path/Frameworks";
				PRODUCT_BUNDLE_IDENTIFIER = au.com.interactivehippo.RemitanceOiX;
				PRODUCT_NAME = "$(TARGET_NAME)";
			};
			name = Release;
		};
		52C5591A1CE4924900FCAA1A /* Debug */ = {
			isa = XCBuildConfiguration;
			buildSettings = {
				BUNDLE_LOADER = "$(TEST_HOST)";
				INFOPLIST_FILE = RemitanceOiXTests/Info.plist;
				LD_RUNPATH_SEARCH_PATHS = "$(inherited) @executable_path/Frameworks @loader_path/Frameworks";
				PRODUCT_BUNDLE_IDENTIFIER = au.com.interactivehippo.RemitanceOiXTests;
				PRODUCT_NAME = "$(TARGET_NAME)";
				TEST_HOST = "$(BUILT_PRODUCTS_DIR)/RemitanceOiX.app/RemitanceOiX";
			};
			name = Debug;
		};
		52C5591B1CE4924900FCAA1A /* Release */ = {
			isa = XCBuildConfiguration;
			buildSettings = {
				BUNDLE_LOADER = "$(TEST_HOST)";
				INFOPLIST_FILE = RemitanceOiXTests/Info.plist;
				LD_RUNPATH_SEARCH_PATHS = "$(inherited) @executable_path/Frameworks @loader_path/Frameworks";
				PRODUCT_BUNDLE_IDENTIFIER = au.com.interactivehippo.RemitanceOiXTests;
				PRODUCT_NAME = "$(TARGET_NAME)";
				TEST_HOST = "$(BUILT_PRODUCTS_DIR)/RemitanceOiX.app/RemitanceOiX";
			};
			name = Release;
		};
		52C5591D1CE4924900FCAA1A /* Debug */ = {
			isa = XCBuildConfiguration;
			buildSettings = {
				INFOPLIST_FILE = RemitanceOiXUITests/Info.plist;
				LD_RUNPATH_SEARCH_PATHS = "$(inherited) @executable_path/Frameworks @loader_path/Frameworks";
				PRODUCT_BUNDLE_IDENTIFIER = au.com.interactivehippo.RemitanceOiXUITests;
				PRODUCT_NAME = "$(TARGET_NAME)";
				TEST_TARGET_NAME = RemitanceOiX;
			};
			name = Debug;
		};
		52C5591E1CE4924900FCAA1A /* Release */ = {
			isa = XCBuildConfiguration;
			buildSettings = {
				INFOPLIST_FILE = RemitanceOiXUITests/Info.plist;
				LD_RUNPATH_SEARCH_PATHS = "$(inherited) @executable_path/Frameworks @loader_path/Frameworks";
				PRODUCT_BUNDLE_IDENTIFIER = au.com.interactivehippo.RemitanceOiXUITests;
				PRODUCT_NAME = "$(TARGET_NAME)";
				TEST_TARGET_NAME = RemitanceOiX;
			};
			name = Release;
		};
/* End XCBuildConfiguration section */

/* Begin XCConfigurationList section */
		52C558E11CE4924900FCAA1A /* Build configuration list for PBXProject "RemitanceOiX" */ = {
			isa = XCConfigurationList;
			buildConfigurations = (
				52C559141CE4924900FCAA1A /* Debug */,
				52C559151CE4924900FCAA1A /* Release */,
			);
			defaultConfigurationIsVisible = 0;
			defaultConfigurationName = Release;
		};
		52C559161CE4924900FCAA1A /* Build configuration list for PBXNativeTarget "RemitanceOiX" */ = {
			isa = XCConfigurationList;
			buildConfigurations = (
				52C559171CE4924900FCAA1A /* Debug */,
				52C559181CE4924900FCAA1A /* Release */,
			);
			defaultConfigurationIsVisible = 0;
			defaultConfigurationName = Release;
		};
		52C559191CE4924900FCAA1A /* Build configuration list for PBXNativeTarget "RemitanceOiXTests" */ = {
			isa = XCConfigurationList;
			buildConfigurations = (
				52C5591A1CE4924900FCAA1A /* Debug */,
				52C5591B1CE4924900FCAA1A /* Release */,
			);
			defaultConfigurationIsVisible = 0;
			defaultConfigurationName = Release;
		};
		52C5591C1CE4924900FCAA1A /* Build configuration list for PBXNativeTarget "RemitanceOiXUITests" */ = {
			isa = XCConfigurationList;
			buildConfigurations = (
				52C5591D1CE4924900FCAA1A /* Debug */,
				52C5591E1CE4924900FCAA1A /* Release */,
			);
			defaultConfigurationIsVisible = 0;
			defaultConfigurationName = Release;
		};
/* End XCConfigurationList section */

/* Begin XCVersionGroup section */
		52C558F51CE4924900FCAA1A /* RemitanceOiX.xcdatamodeld */ = {
			isa = XCVersionGroup;
			children = (
				52C558F61CE4924900FCAA1A /* RemitanceOiX.xcdatamodel */,
			);
			currentVersion = 52C558F61CE4924900FCAA1A /* RemitanceOiX.xcdatamodel */;
			path = RemitanceOiX.xcdatamodeld;
			sourceTree = "<group>";
			versionGroupType = wrapper.xcdatamodel;
		};
/* End XCVersionGroup section */
	};
	rootObject = 52C558DE1CE4924900FCAA1A /* Project object */;
}
